
Microsoft Visual Studio Solution File, Format Version 12.00
# Visual Studio 15
VisualStudioVersion = 15.0.28307.106
MinimumVisualStudioVersion = 10.0.40219.1
Project("{FAE04EC0-301F-11D3-BF4B-00C04F79EFBC}") = "DevExtreme.NETCore.Demo", "DevExtreme.NETCore.Demo\DevExtreme.NETCore.Demo.csproj", "{9702FF4B-399B-4866-81B2-BB70A7F1488D}"
EndProject
Global
	GlobalSection(SolutionConfigurationPlatforms) = preSolution
		Debug|Any CPU = Debug|Any CPU
		Release|Any CPU = Release|Any CPU
	EndGlobalSection
	GlobalSection(ProjectConfigurationPlatforms) = postSolution
		{9702FF4B-399B-4866-81B2-BB70A7F1488D}.Debug|Any CPU.ActiveCfg = Debug|Any CPU
		{9702FF4B-399B-4866-81B2-BB70A7F1488D}.Debug|Any CPU.Build.0 = Debug|Any CPU
		{9702FF4B-399B-4866-81B2-BB70A7F1488D}.Release|Any CPU.ActiveCfg = Release|Any CPU
		{9702FF4B-399B-4866-81B2-BB70A7F1488D}.Release|Any CPU.Build.0 = Release|Any CPU
	EndGlobalSection
	GlobalSection(SolutionProperties) = preSolution
		HideSolutionNode = FALSE
	EndGlobalSection
	GlobalSection(ExtensibilityGlobals) = postSolution
		SolutionGuid = {B1B47137-C83B-4F12-8989-CF6AE2D8EDCE}
	EndGlobalSection
EndGlobal
